
Microsoft Visual Studio Solution File, Format Version 12.00
# Visual Studio Version 17
VisualStudioVersion = 17.3.32819.101
MinimumVisualStudioVersion = 10.0.40219.1
Project("{FAE04EC0-301F-11D3-BF4B-00C04F79EFBC}") = "Operatoren Aufgaben", "Operatoren Aufgaben\Operatoren Aufgaben.csproj", "{DF012E41-E905-4086-BFB5-30477EA3B940}"
EndProject
Global
	GlobalSection(SolutionConfigurationPlatforms) = preSolution
		Debug|Any CPU = Debug|Any CPU
		Release|Any CPU = Release|Any CPU
	EndGlobalSection
	GlobalSection(ProjectConfigurationPlatforms) = postSolution
		{DF012E41-E905-4086-BFB5-30477EA3B940}.Debug|Any CPU.ActiveCfg = Debug|Any CPU
		{DF012E41-E905-4086-BFB5-30477EA3B940}.Debug|Any CPU.Build.0 = Debug|Any CPU
		{DF012E41-E905-4086-BFB5-30477EA3B940}.Release|Any CPU.ActiveCfg = Release|Any CPU
		{DF012E41-E905-4086-BFB5-30477EA3B940}.Release|Any CPU.Build.0 = Release|Any CPU
	EndGlobalSection
	GlobalSection(SolutionProperties) = preSolution
		HideSolutionNode = FALSE
	EndGlobalSection
	GlobalSection(ExtensibilityGlobals) = postSolution
		SolutionGuid = {CAE90F6A-5446-4A85-8C7E-06CBF827ADE2}
	EndGlobalSection
EndGlobal
